
Microsoft Visual Studio Solution File, Format Version 12.00
# Visual Studio Version 17
VisualStudioVersion = 17.0.31903.59
MinimumVisualStudioVersion = 10.0.40219.1
Project("{2150E333-8FDC-42A3-9474-1A3956D46DE8}") = "src", "src", "{B3C0F1A4-2D7E-4F9A-8B6C-1E2D3F4A5B6C}"
EndProject
Project("{FAE04EC0-301F-11D3-BF4B-00C04F79EFBC}") = "FitnessApp.Api", "src\FitnessApp.Api\FitnessApp.Api.csproj", "{EAB61E8F-8920-29D8-F3F2-ABC0934E7947}"
EndProject
Project("{FAE04EC0-301F-11D3-BF4B-00C04F79EFBC}") = "FitnessApp.Application", "src\FitnessApp.Application\FitnessApp.Application.csproj", "{1FB86C22-0404-A3CA-1FE8-EB83D3D2BE51}"
EndProject
Project("{FAE04EC0-301F-11D3-BF4B-00C04F79EFBC}") = "FitnessApp.Domain", "src\FitnessApp.Domain\FitnessApp.Domain.csproj", "{27CD5474-50AE-36B3-0EED-179FC5D5ADFA}"
EndProject
Project("{FAE04EC0-301F-11D3-BF4B-00C04F79EFBC}") = "FitnessApp.Infrastructure", "src\FitnessApp.Infrastructure\FitnessApp.Infrastructure.csproj", "{A77C6D54-997A-2155-245B-E4E417DE652F}"
EndProject
Global
	GlobalSection(SolutionConfigurationPlatforms) = preSolution
		Debug|Any CPU = Debug|Any CPU
		Debug|x64 = Debug|x64
		Debug|x86 = Debug|x86
		Release|Any CPU = Release|Any CPU
		Release|x64 = Release|x64
		Release|x86 = Release|x86
	EndGlobalSection
	GlobalSection(ProjectConfigurationPlatforms) = postSolution
		{EAB61E8F-8920-29D8-F3F2-ABC0934E7947}.Debug|Any CPU.ActiveCfg = Debug|Any CPU
		{EAB61E8F-8920-29D8-F3F2-ABC0934E7947}.Debug|Any CPU.Build.0 = Debug|Any CPU
		{EAB61E8F-8920-29D8-F3F2-ABC0934E7947}.Debug|x64.ActiveCfg = Debug|Any CPU
		{EAB61E8F-8920-29D8-F3F2-ABC0934E7947}.Debug|x64.Build.0 = Debug|Any CPU
		{EAB61E8F-8920-29D8-F3F2-ABC0934E7947}.Debug|x86.ActiveCfg = Debug|Any CPU
		{EAB61E8F-8920-29D8-F3F2-ABC0934E7947}.Debug|x86.Build.0 = Debug|Any CPU
		{EAB61E8F-8920-29D8-F3F2-ABC0934E7947}.Release|Any CPU.ActiveCfg = Release|Any CPU
		{EAB61E8F-8920-29D8-F3F2-ABC0934E7947}.Release|Any CPU.Build.0 = Release|Any CPU
		{EAB61E8F-8920-29D8-F3F2-ABC0934E7947}.Release|x64.ActiveCfg = Release|Any CPU
		{EAB61E8F-8920-29D8-F3F2-ABC0934E7947}.Release|x64.Build.0 = Release|Any CPU
		{EAB61E8F-8920-29D8-F3F2-ABC0934E7947}.Release|x86.ActiveCfg = Release|Any CPU
		{EAB61E8F-8920-29D8-F3F2-ABC0934E7947}.Release|x86.Build.0 = Release|Any CPU
		{1FB86C22-0404-A3CA-1FE8-EB83D3D2BE51}.Debug|Any CPU.ActiveCfg = Debug|Any CPU
		{1FB86C22-0404-A3CA-1FE8-EB83D3D2BE51}.Debug|Any CPU.Build.0 = Debug|Any CPU
		{1FB86C22-0404-A3CA-1FE8-EB83D3D2BE51}.Debug|x64.ActiveCfg = Debug|Any CPU
		{1FB86C22-0404-A3CA-1FE8-EB83D3D2BE51}.Debug|x64.Build.0 = Debug|Any CPU
		{1FB86C22-0404-A3CA-1FE8-EB83D3D2BE51}.Debug|x86.ActiveCfg = Debug|Any CPU
		{1FB86C22-0404-A3CA-1FE8-EB83D3D2BE51}.Debug|x86.Build.0 = Debug|Any CPU
		{1FB86C22-0404-A3CA-1FE8-EB83D3D2BE51}.Release|Any CPU.ActiveCfg = Release|Any CPU
		{1FB86C22-0404-A3CA-1FE8-EB83D3D2BE51}.Release|Any CPU.Build.0 = Release|Any CPU
		{1FB86C22-0404-A3CA-1FE8-EB83D3D2BE51}.Release|x64.ActiveCfg = Release|Any CPU
		{1FB86C22-0404-A3CA-1FE8-EB83D3D2BE51}.Release|x64.Build.0 = Release|Any CPU
		{1FB86C22-0404-A3CA-1FE8-EB83D3D2BE51}.Release|x86.ActiveCfg = Release|Any CPU
		{1FB86C22-0404-A3CA-1FE8-EB83D3D2BE51}.Release|x86.Build.0 = Release|Any CPU
		{27CD5474-50AE-36B3-0EED-179FC5D5ADFA}.Debug|Any CPU.ActiveCfg = Debug|Any CPU
		{27CD5474-50AE-36B3-0EED-179FC5D5ADFA}.Debug|Any CPU.Build.0 = Debug|Any CPU
		{27CD5474-50AE-36B3-0EED-179FC5D5ADFA}.Debug|x64.ActiveCfg = Debug|Any CPU
		{27CD5474-50AE-36B3-0EED-179FC5D5ADFA}.Debug|x64.Build.0 = Debug|Any CPU
		{27CD5474-50AE-36B3-0EED-179FC5D5ADFA}.Debug|x86.ActiveCfg = Debug|Any CPU
		{27CD5474-50AE-36B3-0EED-179FC5D5ADFA}.Debug|x86.Build.0 = Debug|Any CPU
		{27CD5474-50AE-36B3-0EED-179FC5D5ADFA}.Release|Any CPU.ActiveCfg = Release|Any CPU
		{27CD5474-50AE-36B3-0EED-179FC5D5ADFA}.Release|Any CPU.Build.0 = Release|Any CPU
		{27CD5474-50AE-36B3-0EED-179FC5D5ADFA}.Release|x64.ActiveCfg = Release|Any CPU
		{27CD5474-50AE-36B3-0EED-179FC5D5ADFA}.Release|x64.Build.0 = Release|Any CPU
		{27CD5474-50AE-36B3-0EED-179FC5D5ADFA}.Release|x86.ActiveCfg = Release|Any CPU
		{27CD5474-50AE-36B3-0EED-179FC5D5ADFA}.Release|x86.Build.0 = Release|Any CPU
		{A77C6D54-997A-2155-245B-E4E417DE652F}.Debug|Any CPU.ActiveCfg = Debug|Any CPU
		{A77C6D54-997A-2155-245B-E4E417DE652F}.Debug|Any CPU.Build.0 = Debug|Any CPU
		{A77C6D54-997A-2155-245B-E4E417DE652F}.Debug|x64.ActiveCfg = Debug|Any CPU
		{A77C6D54-997A-2155-245B-E4E417DE652F}.Debug|x64.Build.0 = Debug|Any CPU
		{A77C6D54-997A-2155-245B-E4E417DE652F}.Debug|x86.ActiveCfg = Debug|Any CPU
		{A77C6D54-997A-2155-245B-E4E417DE652F}.Debug|x86.Build.0 = Debug|Any CPU
		{A77C6D54-997A-2155-245B-E4E417DE652F}.Release|Any CPU.ActiveCfg = Release|Any CPU
		{A77C6D54-997A-2155-245B-E4E417DE652F}.Release|Any CPU.Build.0 = Release|Any CPU
		{A77C6D54-997A-2155-245B-E4E417DE652F}.Release|x64.ActiveCfg = Release|Any CPU
		{A77C6D54-997A-2155-245B-E4E417DE652F}.Release|x64.Build.0 = Release|Any CPU
		{A77C6D54-997A-2155-245B-E4E417DE652F}.Release|x86.ActiveCfg = Release|Any CPU
		{A77C6D54-997A-2155-245B-E4E417DE652F}.Release|x86.Build.0 = Release|Any CPU
	EndGlobalSection
	GlobalSection(SolutionProperties) = preSolution
		HideSolutionNode = FALSE
	EndGlobalSection
	GlobalSection(NestedProjects) = preSolution
		{EAB61E8F-8920-29D8-F3F2-ABC0934E7947} = {B3C0F1A4-2D7E-4F9A-8B6C-1E2D3F4A5B6C}
		{1FB86C22-0404-A3CA-1FE8-EB83D3D2BE51} = {B3C0F1A4-2D7E-4F9A-8B6C-1E2D3F4A5B6C}
		{27CD5474-50AE-36B3-0EED-179FC5D5ADFA} = {B3C0F1A4-2D7E-4F9A-8B6C-1E2D3F4A5B6C}
		{A77C6D54-997A-2155-245B-E4E417DE652F} = {B3C0F1A4-2D7E-4F9A-8B6C-1E2D3F4A5B6C}
	EndGlobalSection
	GlobalSection(ExtensibilityGlobals) = postSolution
		SolutionGuid = {1D79CB49-6F32-4DC6-99DE-810AF00E8007}
	EndGlobalSection
EndGlobal
